
Microsoft Visual Studio Solution File, Format Version 12.00
# Visual Studio 2012
Project("{FAE04EC0-301F-11D3-BF4B-00C04F79EFBC}") = "StudentsDatabase", "StudentsDatabase\StudentsDatabase.csproj", "{D535A500-133C-4611-B9E8-22B2E39D5F5B}"
EndProject
Global
	GlobalSection(SolutionConfigurationPlatforms) = preSolution
		Debug|Any CPU = Debug|Any CPU
		Release|Any CPU = Release|Any CPU
	EndGlobalSection
	GlobalSection(ProjectConfigurationPlatforms) = postSolution
		{D535A500-133C-4611-B9E8-22B2E39D5F5B}.Debug|Any CPU.ActiveCfg = Debug|Any CPU
		{D535A500-133C-4611-B9E8-22B2E39D5F5B}.Debug|Any CPU.Build.0 = Debug|Any CPU
		{D535A500-133C-4611-B9E8-22B2E39D5F5B}.Release|Any CPU.ActiveCfg = Release|Any CPU
		{D535A500-133C-4611-B9E8-22B2E39D5F5B}.Release|Any CPU.Build.0 = Release|Any CPU
	EndGlobalSection
	GlobalSection(SolutionProperties) = preSolution
		HideSolutionNode = FALSE
	EndGlobalSection
EndGlobal
